// !$*UTF8*$!
{
	archiveVersion = 1;
	classes = {
	};
	objectVersion = 48;
	objects = {

/* Begin PBXBuildFile section */
		C81E22FE1FF43288006E1773 /* AppDelegate.swift in Sources */ = {isa = PBXBuildFile; fileRef = C81E22FD1FF43288006E1773 /* AppDelegate.swift */; };
		C81E23031FF43288006E1773 /* Main.storyboard in Resources */ = {isa = PBXBuildFile; fileRef = C81E23011FF43288006E1773 /* Main.storyboard */; };
		C81E23061FF43288006E1773 /* Pensamentos.xcdatamodeld in Sources */ = {isa = PBXBuildFile; fileRef = C81E23041FF43288006E1773 /* Pensamentos.xcdatamodeld */; };
		C81E23081FF43288006E1773 /* Assets.xcassets in Resources */ = {isa = PBXBuildFile; fileRef = C81E23071FF43288006E1773 /* Assets.xcassets */; };
		C81E230B1FF43288006E1773 /* LaunchScreen.storyboard in Resources */ = {isa = PBXBuildFile; fileRef = C81E23091FF43288006E1773 /* LaunchScreen.storyboard */; };
		C81E23131FF434B6006E1773 /* quotes.json in Resources */ = {isa = PBXBuildFile; fileRef = C81E23121FF434B6006E1773 /* quotes.json */; };
		C81E23191FF44223006E1773 /* QuotesViewController.swift in Sources */ = {isa = PBXBuildFile; fileRef = C81E23181FF44223006E1773 /* QuotesViewController.swift */; };
		C81E231B1FF44299006E1773 /* SettingsViewController.swift in Sources */ = {isa = PBXBuildFile; fileRef = C81E231A1FF44299006E1773 /* SettingsViewController.swift */; };
		C81E231F1FF445D2006E1773 /* Quote.swift in Sources */ = {isa = PBXBuildFile; fileRef = C81E231E1FF445D2006E1773 /* Quote.swift */; };
		C81E23221FF44621006E1773 /* QuotesManager.swift in Sources */ = {isa = PBXBuildFile; fileRef = C81E23211FF44621006E1773 /* QuotesManager.swift */; };
		C81E23241FF4463D006E1773 /* Configuration.swift in Sources */ = {isa = PBXBuildFile; fileRef = C81E23231FF4463D006E1773 /* Configuration.swift */; };
		C8EFB89A1FF5194E00B6D0BC /* Settings.bundle in Resources */ = {isa = PBXBuildFile; fileRef = C8EFB8991FF5194E00B6D0BC /* Settings.bundle */; };
/* End PBXBuildFile section */

/* Begin PBXFileReference section */
		C81E22FA1FF43288006E1773 /* Pensamentos.app */ = {isa = PBXFileReference; explicitFileType = wrapper.application; includeInIndex = 0; path = Pensamentos.app; sourceTree = BUILT_PRODUCTS_DIR; };
		C81E22FD1FF43288006E1773 /* AppDelegate.swift */ = {isa = PBXFileReference; lastKnownFileType = sourcecode.swift; path = AppDelegate.swift; sourceTree = "<group>"; };
		C81E23021FF43288006E1773 /* Base */ = {isa = PBXFileReference; lastKnownFileType = file.storyboard; name = Base; path = Base.lproj/Main.storyboard; sourceTree = "<group>"; };
		C81E23051FF43288006E1773 /* Pensamentos.xcdatamodel */ = {isa = PBXFileReference; lastKnownFileType = wrapper.xcdatamodel; path = Pensamentos.xcdatamodel; sourceTree = "<group>"; };
		C81E23071FF43288006E1773 /* Assets.xcassets */ = {isa = PBXFileReference; lastKnownFileType = folder.assetcatalog; path = Assets.xcassets; sourceTree = "<group>"; };
		C81E230A1FF43288006E1773 /* Base */ = {isa = PBXFileReference; lastKnownFileType = file.storyboard; name = Base; path = Base.lproj/LaunchScreen.storyboard; sourceTree = "<group>"; };
		C81E230C1FF43288006E1773 /* Info.plist */ = {isa = PBXFileReference; lastKnownFileType = text.plist.xml; path = Info.plist; sourceTree = "<group>"; };
		C81E23121FF434B6006E1773 /* quotes.json */ = {isa = PBXFileReference; fileEncoding = 4; lastKnownFileType = text.json; name = quotes.json; path = "../../../../Downloads/Arquivos Pensamentos/quotes.json"; sourceTree = "<group>"; };
		C81E23141FF434C3006E1773 /* Savoye LET.ttc */ = {isa = PBXFileReference; lastKnownFileType = file; name = "Savoye LET.ttc"; path = "../../../../Downloads/Arquivos Pensamentos/Savoye LET.ttc"; sourceTree = "<group>"; };
		C81E23161FF434D6006E1773 /* quotes.json */ = {isa = PBXFileReference; lastKnownFileType = text.json; path = quotes.json; sourceTree = "<group>"; };
		C81E23171FF434D6006E1773 /* Savoye LET.ttc */ = {isa = PBXFileReference; lastKnownFileType = file; path = "Savoye LET.ttc"; sourceTree = "<group>"; };
		C81E23181FF44223006E1773 /* QuotesViewController.swift */ = {isa = PBXFileReference; lastKnownFileType = sourcecode.swift; path = QuotesViewController.swift; sourceTree = "<group>"; };
		C81E231A1FF44299006E1773 /* SettingsViewController.swift */ = {isa = PBXFileReference; lastKnownFileType = sourcecode.swift; path = SettingsViewController.swift; sourceTree = "<group>"; };
		C81E231E1FF445D2006E1773 /* Quote.swift */ = {isa = PBXFileReference; lastKnownFileType = sourcecode.swift; path = Quote.swift; sourceTree = "<group>"; };
		C81E23211FF44621006E1773 /* QuotesManager.swift */ = {isa = PBXFileReference; lastKnownFileType = sourcecode.swift; path = QuotesManager.swift; sourceTree = "<group>"; };
		C81E23231FF4463D006E1773 /* Configuration.swift */ = {isa = PBXFileReference; lastKnownFileType = sourcecode.swift; path = Configuration.swift; sourceTree = "<group>"; };
		C8EFB8991FF5194E00B6D0BC /* Settings.bundle */ = {isa = PBXFileReference; lastKnownFileType = "wrapper.plug-in"; path = Settings.bundle; sourceTree = "<group>"; };
/* End PBXFileReference section */

/* Begin PBXFrameworksBuildPhase section */
		C81E22F71FF43288006E1773 /* Frameworks */ = {
			isa = PBXFrameworksBuildPhase;
			buildActionMask = 2147483647;
			files = (
			);
			runOnlyForDeploymentPostprocessing = 0;
		};
/* End PBXFrameworksBuildPhase section */

/* Begin PBXGroup section */
		C81E22F11FF43288006E1773 = {
			isa = PBXGroup;
			children = (
				C81E22FC1FF43288006E1773 /* Pensamentos */,
				C81E22FB1FF43288006E1773 /* Products */,
			);
			sourceTree = "<group>";
		};
		C81E22FB1FF43288006E1773 /* Products */ = {
			isa = PBXGroup;
			children = (
				C81E22FA1FF43288006E1773 /* Pensamentos.app */,
			);
			name = Products;
			sourceTree = "<group>";
		};
		C81E22FC1FF43288006E1773 /* Pensamentos */ = {
			isa = PBXGroup;
			children = (
				C81E23151FF434CD006E1773 /* Files */,
				C81E23141FF434C3006E1773 /* Savoye LET.ttc */,
				C81E23121FF434B6006E1773 /* quotes.json */,
				C81E23201FF445F1006E1773 /* Models */,
				C81E22FD1FF43288006E1773 /* AppDelegate.swift */,
				C81E23071FF43288006E1773 /* Assets.xcassets */,
				C81E231D1FF442DC006E1773 /* Views */,
				C81E230C1FF43288006E1773 /* Info.plist */,
				C81E23041FF43288006E1773 /* Pensamentos.xcdatamodeld */,
				C81E231C1FF442C1006E1773 /* Controllers */,
				C8EFB8991FF5194E00B6D0BC /* Settings.bundle */,
			);
			path = Pensamentos;
			sourceTree = "<group>";
		};
		C81E23151FF434CD006E1773 /* Files */ = {
			isa = PBXGroup;
			children = (
				C81E23171FF434D6006E1773 /* Savoye LET.ttc */,
				C81E23161FF434D6006E1773 /* quotes.json */,
			);
			path = Files;
			sourceTree = "<group>";
		};
		C81E231C1FF442C1006E1773 /* Controllers */ = {
			isa = PBXGroup;
			children = (
				C81E23181FF44223006E1773 /* QuotesViewController.swift */,
				C81E231A1FF44299006E1773 /* SettingsViewController.swift */,
			);
			path = Controllers;
			sourceTree = "<group>";
		};
		C81E231D1FF442DC006E1773 /* Views */ = {
			isa = PBXGroup;
			children = (
				C81E23011FF43288006E1773 /* Main.storyboard */,
				C81E23091FF43288006E1773 /* LaunchScreen.storyboard */,
			);
			path = Views;
			sourceTree = "<group>";
		};
		C81E23201FF445F1006E1773 /* Models */ = {
			isa = PBXGroup;
			children = (
				C81E231E1FF445D2006E1773 /* Quote.swift */,
				C81E23211FF44621006E1773 /* QuotesManager.swift */,
				C81E23231FF4463D006E1773 /* Configuration.swift */,
			);
			path = Models;
			sourceTree = "<group>";
		};
/* End PBXGroup section */

/* Begin PBXNativeTarget section */
		C81E22F91FF43288006E1773 /* Pensamentos */ = {
			isa = PBXNativeTarget;
			buildConfigurationList = C81E230F1FF43288006E1773 /* Build configuration list for PBXNativeTarget "Pensamentos" */;
			buildPhases = (
				C81E22F61FF43288006E1773 /* Sources */,
				C81E22F71FF43288006E1773 /* Frameworks */,
				C81E22F81FF43288006E1773 /* Resources */,
			);
			buildRules = (
			);
			dependencies = (
			);
			name = Pensamentos;
			productName = Pensamentos;
			productReference = C81E22FA1FF43288006E1773 /* Pensamentos.app */;
			productType = "com.apple.product-type.application";
		};
/* End PBXNativeTarget section */

/* Begin PBXProject section */
		C81E22F21FF43288006E1773 /* Project object */ = {
			isa = PBXProject;
			attributes = {
				LastSwiftUpdateCheck = 0900;
				LastUpgradeCheck = 0900;
				ORGANIZATIONNAME = "Ricardo Corrales";
				TargetAttributes = {
					C81E22F91FF43288006E1773 = {
						CreatedOnToolsVersion = 9.0.1;
						ProvisioningStyle = Automatic;
					};
				};
			};
			buildConfigurationList = C81E22F51FF43288006E1773 /* Build configuration list for PBXProject "Pensamentos" */;
			compatibilityVersion = "Xcode 8.0";
			developmentRegion = en;
			hasScannedForEncodings = 0;
			knownRegions = (
				en,
				Base,
			);
			mainGroup = C81E22F11FF43288006E1773;
			productRefGroup = C81E22FB1FF43288006E1773 /* Products */;
			projectDirPath = "";
			projectRoot = "";
			targets = (
				C81E22F91FF43288006E1773 /* Pensamentos */,
			);
		};
/* End PBXProject section */

/* Begin PBXResourcesBuildPhase section */
		C81E22F81FF43288006E1773 /* Resources */ = {
			isa = PBXResourcesBuildPhase;
			buildActionMask = 2147483647;
			files = (
				C81E23131FF434B6006E1773 /* quotes.json in Resources */,
				C81E230B1FF43288006E1773 /* LaunchScreen.storyboard in Resources */,
				C8EFB89A1FF5194E00B6D0BC /* Settings.bundle in Resources */,
				C81E23081FF43288006E1773 /* Assets.xcassets in Resources */,
				C81E23031FF43288006E1773 /* Main.storyboard in Resources */,
			);
			runOnlyForDeploymentPostprocessing = 0;
		};
/* End PBXResourcesBuildPhase section */

/* Begin PBXSourcesBuildPhase section */
		C81E22F61FF43288006E1773 /* Sources */ = {
			isa = PBXSourcesBuildPhase;
			buildActionMask = 2147483647;
			files = (
				C81E23191FF44223006E1773 /* QuotesViewController.swift in Sources */,
				C81E22FE1FF43288006E1773 /* AppDelegate.swift in Sources */,
				C81E23241FF4463D006E1773 /* Configuration.swift in Sources */,
				C81E23061FF43288006E1773 /* Pensamentos.xcdatamodeld in Sources */,
				C81E231F1FF445D2006E1773 /* Quote.swift in Sources */,
				C81E23221FF44621006E1773 /* QuotesManager.swift in Sources */,
				C81E231B1FF44299006E1773 /* SettingsViewController.swift in Sources */,
			);
			runOnlyForDeploymentPostprocessing = 0;
		};
/* End PBXSourcesBuildPhase section */

/* Begin PBXVariantGroup section */
		C81E23011FF43288006E1773 /* Main.storyboard */ = {
			isa = PBXVariantGroup;
			children = (
				C81E23021FF43288006E1773 /* Base */,
			);
			name = Main.storyboard;
			sourceTree = "<group>";
		};
		C81E23091FF43288006E1773 /* LaunchScreen.storyboard */ = {
			isa = PBXVariantGroup;
			children = (
				C81E230A1FF43288006E1773 /* Base */,
			);
			name = LaunchScreen.storyboard;
			sourceTree = "<group>";
		};
/* End PBXVariantGroup section */

/* Begin XCBuildConfiguration section */
		C81E230D1FF43288006E1773 /* Debug */ = {
			isa = XCBuildConfiguration;
			buildSettings = {
				ALWAYS_SEARCH_USER_PATHS = NO;
				CLANG_ANALYZER_NONNULL = YES;
				CLANG_ANALYZER_NUMBER_OBJECT_CONVERSION = YES_AGGRESSIVE;
				CLANG_CXX_LANGUAGE_STANDARD = "gnu++14";
				CLANG_CXX_LIBRARY = "libc++";
				CLANG_ENABLE_MODULES = YES;
				CLANG_ENABLE_OBJC_ARC = YES;
				CLANG_WARN_BLOCK_CAPTURE_AUTORELEASING = YES;
				CLANG_WARN_BOOL_CONVERSION = YES;
				CLANG_WARN_COMMA = YES;
				CLANG_WARN_CONSTANT_CONVERSION = YES;
				CLANG_WARN_DIRECT_OBJC_ISA_USAGE = YES_ERROR;
				CLANG_WARN_DOCUMENTATION_COMMENTS = YES;
				CLANG_WARN_EMPTY_BODY = YES;
				CLANG_WARN_ENUM_CONVERSION = YES;
				CLANG_WARN_INFINITE_RECURSION = YES;
				CLANG_WARN_INT_CONVERSION = YES;
				CLANG_WARN_NON_LITERAL_NULL_CONVERSION = YES;
				CLANG_WARN_OBJC_LITERAL_CONVERSION = YES;
				CLANG_WARN_OBJC_ROOT_CLASS = YES_ERROR;
				CLANG_WARN_RANGE_LOOP_ANALYSIS = YES;
				CLANG_WARN_STRICT_PROTOTYPES = YES;
				CLANG_WARN_SUSPICIOUS_MOVE = YES;
				CLANG_WARN_UNGUARDED_AVAILABILITY = YES_AGGRESSIVE;
				CLANG_WARN_UNREACHABLE_CODE = YES;
				CLANG_WARN__DUPLICATE_METHOD_MATCH = YES;
				CODE_SIGN_IDENTITY = "iPhone Developer";
				COPY_PHASE_STRIP = NO;
				DEBUG_INFORMATION_FORMAT = dwarf;
				ENABLE_STRICT_OBJC_MSGSEND = YES;
				ENABLE_TESTABILITY = YES;
				GCC_C_LANGUAGE_STANDARD = gnu11;
				GCC_DYNAMIC_NO_PIC = NO;
				GCC_NO_COMMON_BLOCKS = YES;
				GCC_OPTIMIZATION_LEVEL = 0;
				GCC_PREPROCESSOR_DEFINITIONS = (
					"DEBUG=1",
					"$(inherited)",
				);
				GCC_WARN_64_TO_32_BIT_CONVERSION = YES;
				GCC_WARN_ABOUT_RETURN_TYPE = YES_ERROR;
				GCC_WARN_UNDECLARED_SELECTOR = YES;
				GCC_WARN_UNINITIALIZED_AUTOS = YES_AGGRESSIVE;
				GCC_WARN_UNUSED_FUNCTION = YES;
				GCC_WARN_UNUSED_VARIABLE = YES;
				IPHONEOS_DEPLOYMENT_TARGET = 11.0;
				MTL_ENABLE_DEBUG_INFO = YES;
				ONLY_ACTIVE_ARCH = YES;
				SDKROOT = iphoneos;
				SWIFT_ACTIVE_COMPILATION_CONDITIONS = DEBUG;
				SWIFT_OPTIMIZATION_LEVEL = "-Onone";
			};
			name = Debug;
		};
		C81E230E1FF43288006E1773 /* Release */ = {
			isa = XCBuildConfiguration;
			buildSettings = {
				ALWAYS_SEARCH_USER_PATHS = NO;
				CLANG_ANALYZER_NONNULL = YES;
				CLANG_ANALYZER_NUMBER_OBJECT_CONVERSION = YES_AGGRESSIVE;
				CLANG_CXX_LANGUAGE_STANDARD = "gnu++14";
				CLANG_CXX_LIBRARY = "libc++";
				CLANG_ENABLE_MODULES = YES;
				CLANG_ENABLE_OBJC_ARC = YES;
				CLANG_WARN_BLOCK_CAPTURE_AUTORELEASING = YES;
				CLANG_WARN_BOOL_CONVERSION = YES;
				CLANG_WARN_COMMA = YES;
				CLANG_WARN_CONSTANT_CONVERSION = YES;
				CLANG_WARN_DIRECT_OBJC_ISA_USAGE = YES_ERROR;
				CLANG_WARN_DOCUMENTATION_COMMENTS = YES;
				CLANG_WARN_EMPTY_BODY = YES;
				CLANG_WARN_ENUM_CONVERSION = YES;
				CLANG_WARN_INFINITE_RECURSION = YES;
				CLANG_WARN_INT_CONVERSION = YES;
				CLANG_WARN_NON_LITERAL_NULL_CONVERSION = YES;
				CLANG_WARN_OBJC_LITERAL_CONVERSION = YES;
				CLANG_WARN_OBJC_ROOT_CLASS = YES_ERROR;
				CLANG_WARN_RANGE_LOOP_ANALYSIS = YES;
				CLANG_WARN_STRICT_PROTOTYPES = YES;
				CLANG_WARN_SUSPICIOUS_MOVE = YES;
				CLANG_WARN_UNGUARDED_AVAILABILITY = YES_AGGRESSIVE;
				CLANG_WARN_UNREACHABLE_CODE = YES;
				CLANG_WARN__DUPLICATE_METHOD_MATCH = YES;
				CODE_SIGN_IDENTITY = "iPhone Developer";
				COPY_PHASE_STRIP = NO;
				DEBUG_INFORMATION_FORMAT = "dwarf-with-dsym";
				ENABLE_NS_ASSERTIONS = NO;
				ENABLE_STRICT_OBJC_MSGSEND = YES;
				GCC_C_LANGUAGE_STANDARD = gnu11;
				GCC_NO_COMMON_BLOCKS = YES;
				GCC_WARN_64_TO_32_BIT_CONVERSION = YES;
				GCC_WARN_ABOUT_RETURN_TYPE = YES_ERROR;
				GCC_WARN_UNDECLARED_SELECTOR = YES;
				GCC_WARN_UNINITIALIZED_AUTOS = YES_AGGRESSIVE;
				GCC_WARN_UNUSED_FUNCTION = YES;
				GCC_WARN_UNUSED_VARIABLE = YES;
				IPHONEOS_DEPLOYMENT_TARGET = 11.0;
				MTL_ENABLE_DEBUG_INFO = NO;
				SDKROOT = iphoneos;
				SWIFT_OPTIMIZATION_LEVEL = "-Owholemodule";
				VALIDATE_PRODUCT = YES;
			};
			name = Release;
		};
		C81E23101FF43288006E1773 /* Debug */ = {
			isa = XCBuildConfiguration;
			buildSettings = {
				ASSETCATALOG_COMPILER_APPICON_NAME = AppIcon;
				CODE_SIGN_STYLE = Automatic;
				INFOPLIST_FILE = Pensamentos/Info.plist;
				LD_RUNPATH_SEARCH_PATHS = "$(inherited) @executable_path/Frameworks";
				PRODUCT_BUNDLE_IDENTIFIER = com.lucas.studies.Pensamentos;
				PRODUCT_NAME = "$(TARGET_NAME)";
				SWIFT_VERSION = 4.0;
				TARGETED_DEVICE_FAMILY = "1,2";
			};
			name = Debug;
		};
		C81E23111FF43288006E1773 /* Release */ = {
			isa = XCBuildConfiguration;
			buildSettings = {
				ASSETCATALOG_COMPILER_APPICON_NAME = AppIcon;
				CODE_SIGN_STYLE = Automatic;
				INFOPLIST_FILE = Pensamentos/Info.plist;
				LD_RUNPATH_SEARCH_PATHS = "$(inherited) @executable_path/Frameworks";
				PRODUCT_BUNDLE_IDENTIFIER = com.lucas.studies.Pensamentos;
				PRODUCT_NAME = "$(TARGET_NAME)";
				SWIFT_VERSION = 4.0;
				TARGETED_DEVICE_FAMILY = "1,2";
			};
			name = Release;
		};
/* End XCBuildConfiguration section */

/* Begin XCConfigurationList section */
		C81E22F51FF43288006E1773 /* Build configuration list for PBXProject "Pensamentos" */ = {
			isa = XCConfigurationList;
			buildConfigurations = (
				C81E230D1FF43288006E1773 /* Debug */,
				C81E230E1FF43288006E1773 /* Release */,
			);
			defaultConfigurationIsVisible = 0;
			defaultConfigurationName = Release;
		};
		C81E230F1FF43288006E1773 /* Build configuration list for PBXNativeTarget "Pensamentos" */ = {
			isa = XCConfigurationList;
			buildConfigurations = (
				C81E23101FF43288006E1773 /* Debug */,
				C81E23111FF43288006E1773 /* Release */,
			);
			defaultConfigurationIsVisible = 0;
			defaultConfigurationName = Release;
		};
/* End XCConfigurationList section */

/* Begin XCVersionGroup section */
		C81E23041FF43288006E1773 /* Pensamentos.xcdatamodeld */ = {
			isa = XCVersionGroup;
			children = (
				C81E23051FF43288006E1773 /* Pensamentos.xcdatamodel */,
			);
			currentVersion = C81E23051FF43288006E1773 /* Pensamentos.xcdatamodel */;
			path = Pensamentos.xcdatamodeld;
			sourceTree = "<group>";
			versionGroupType = wrapper.xcdatamodel;
		};
/* End XCVersionGroup section */
	};
	rootObject = C81E22F21FF43288006E1773 /* Project object */;
}
